
Microsoft Visual Studio Solution File, Format Version 12.00
# Visual Studio Version 16
VisualStudioVersion = 16.0.30128.74
MinimumVisualStudioVersion = 10.0.40219.1
Project("{FAE04EC0-301F-11D3-BF4B-00C04F79EFBC}") = "Facturacion.Common", "Facturacion.Common\Facturacion.Common.csproj", "{B29CBFC1-7923-4074-ADF6-0FACA72B64B5}"
EndProject
Project("{FAE04EC0-301F-11D3-BF4B-00C04F79EFBC}") = "Facturacion.Web", "Facturacion.Web\Facturacion.Web.csproj", "{60C1B2BD-A70D-4172-A76E-08EC3A92718D}"
EndProject
Global
	GlobalSection(SolutionConfigurationPlatforms) = preSolution
		Debug|Any CPU = Debug|Any CPU
		Release|Any CPU = Release|Any CPU
	EndGlobalSection
	GlobalSection(ProjectConfigurationPlatforms) = postSolution
		{B29CBFC1-7923-4074-ADF6-0FACA72B64B5}.Debug|Any CPU.ActiveCfg = Debug|Any CPU
		{B29CBFC1-7923-4074-ADF6-0FACA72B64B5}.Debug|Any CPU.Build.0 = Debug|Any CPU
		{B29CBFC1-7923-4074-ADF6-0FACA72B64B5}.Release|Any CPU.ActiveCfg = Release|Any CPU
		{B29CBFC1-7923-4074-ADF6-0FACA72B64B5}.Release|Any CPU.Build.0 = Release|Any CPU
		{60C1B2BD-A70D-4172-A76E-08EC3A92718D}.Debug|Any CPU.ActiveCfg = Debug|Any CPU
		{60C1B2BD-A70D-4172-A76E-08EC3A92718D}.Debug|Any CPU.Build.0 = Debug|Any CPU
		{60C1B2BD-A70D-4172-A76E-08EC3A92718D}.Release|Any CPU.ActiveCfg = Release|Any CPU
		{60C1B2BD-A70D-4172-A76E-08EC3A92718D}.Release|Any CPU.Build.0 = Release|Any CPU
	EndGlobalSection
	GlobalSection(SolutionProperties) = preSolution
		HideSolutionNode = FALSE
	EndGlobalSection
	GlobalSection(ExtensibilityGlobals) = postSolution
		SolutionGuid = {997F54E1-8E40-4629-8D6A-646DFEFA5DD0}
	EndGlobalSection
EndGlobal
